
Microsoft Visual Studio Solution File, Format Version 12.00
# Visual Studio Version 16
VisualStudioVersion = 16.0.29418.71
MinimumVisualStudioVersion = 10.0.40219.1
Project("{FAE04EC0-301F-11D3-BF4B-00C04F79EFBC}") = "WindowsFormsApp14", "WindowsFormsApp14.csproj", "{9ACB0FE0-D5F8-4D64-8F75-B65C9C7784F4}"
EndProject
Global
	GlobalSection(SolutionConfigurationPlatforms) = preSolution
		Debug|Any CPU = Debug|Any CPU
		Release|Any CPU = Release|Any CPU
	EndGlobalSection
	GlobalSection(ProjectConfigurationPlatforms) = postSolution
		{9ACB0FE0-D5F8-4D64-8F75-B65C9C7784F4}.Debug|Any CPU.ActiveCfg = Debug|Any CPU
		{9ACB0FE0-D5F8-4D64-8F75-B65C9C7784F4}.Debug|Any CPU.Build.0 = Debug|Any CPU
		{9ACB0FE0-D5F8-4D64-8F75-B65C9C7784F4}.Release|Any CPU.ActiveCfg = Release|Any CPU
		{9ACB0FE0-D5F8-4D64-8F75-B65C9C7784F4}.Release|Any CPU.Build.0 = Release|Any CPU
	EndGlobalSection
	GlobalSection(SolutionProperties) = preSolution
		HideSolutionNode = FALSE
	EndGlobalSection
	GlobalSection(ExtensibilityGlobals) = postSolution
		SolutionGuid = {0E9A708B-39A8-4DDD-AA2A-3BC7ABAFB32C}
	EndGlobalSection
EndGlobal
